{
  "originHash" : "c124bf988caaf892c43881c9171aa7d5890776bdc304481f765c15808bdbda45",
  "pins" : [
    {
      "identity" : "httprequestable",
      "kind" : "remoteSourceControl",
      "location" : "https://github.com/wmalloc/HTTPRequestable.git",
      "state" : {
        "revision" : "9b58afb5c437d2dca537ef5a8160e7058c24897c",
        "version" : "0.7.6"
      }
    },
    {
      "identity" : "swift-http-types",
      "kind" : "remoteSourceControl",
      "location" : "https://github.com/apple/swift-http-types.git",
      "state" : {
        "revision" : "1ddbea1ee34354a6a2532c60f98501c35ae8edfa",
        "version" : "1.2.0"
      }
    }
  ],
  "version" : 3
}
