{
  "pins" : [
    {
      "identity" : "httprequestable",
      "kind" : "remoteSourceControl",
      "location" : "https://github.com/wmalloc/HTTPRequestable.git",
      "state" : {
        "revision" : "a2dc2fd00041dc20dbfe7608c2ee1b115a4991d3",
        "version" : "0.7.0"
      }
    },
    {
      "identity" : "swift-http-types",
      "kind" : "remoteSourceControl",
      "location" : "https://github.com/apple/swift-http-types.git",
      "state" : {
        "revision" : "12358d55a3824bd5fed310b999ea8cf83a9a1a65",
        "version" : "1.0.3"
      }
    }
  ],
  "version" : 2
}
